
Microsoft Visual Studio Solution File, Format Version 12.00
# Visual Studio Version 17
VisualStudioVersion = 17.1.32421.90
MinimumVisualStudioVersion = 10.0.40219.1
Project("{FAE04EC0-301F-11D3-BF4B-00C04F79EFBC}") = "PlayMobile", "PlayMobile.csproj", "{8E3B70AE-11BD-4139-901C-8009E2B0959E}"
EndProject
Project("{FAE04EC0-301F-11D3-BF4B-00C04F79EFBC}") = "PlaymobileTests", "..\PlaymobileTests\PlaymobileTests.csproj", "{987AA6C2-A606-4AD9-9A95-1FD67D2D68A8}"
EndProject
Global
	GlobalSection(SolutionConfigurationPlatforms) = preSolution
		Debug|Any CPU = Debug|Any CPU
		Release|Any CPU = Release|Any CPU
	EndGlobalSection
	GlobalSection(ProjectConfigurationPlatforms) = postSolution
		{8E3B70AE-11BD-4139-901C-8009E2B0959E}.Debug|Any CPU.ActiveCfg = Debug|Any CPU
		{8E3B70AE-11BD-4139-901C-8009E2B0959E}.Debug|Any CPU.Build.0 = Debug|Any CPU
		{8E3B70AE-11BD-4139-901C-8009E2B0959E}.Release|Any CPU.ActiveCfg = Release|Any CPU
		{8E3B70AE-11BD-4139-901C-8009E2B0959E}.Release|Any CPU.Build.0 = Release|Any CPU
		{987AA6C2-A606-4AD9-9A95-1FD67D2D68A8}.Debug|Any CPU.ActiveCfg = Debug|Any CPU
		{987AA6C2-A606-4AD9-9A95-1FD67D2D68A8}.Debug|Any CPU.Build.0 = Debug|Any CPU
		{987AA6C2-A606-4AD9-9A95-1FD67D2D68A8}.Release|Any CPU.ActiveCfg = Release|Any CPU
		{987AA6C2-A606-4AD9-9A95-1FD67D2D68A8}.Release|Any CPU.Build.0 = Release|Any CPU
	EndGlobalSection
	GlobalSection(SolutionProperties) = preSolution
		HideSolutionNode = FALSE
	EndGlobalSection
	GlobalSection(ExtensibilityGlobals) = postSolution
		SolutionGuid = {09A7E99C-6435-4FBD-99D9-365D1A1875B2}
	EndGlobalSection
EndGlobal
